
Microsoft Visual Studio Solution File, Format Version 12.00
# Visual Studio 15
VisualStudioVersion = 15.0.28307.1401
MinimumVisualStudioVersion = 10.0.40219.1
Project("{FAE04EC0-301F-11D3-BF4B-00C04F79EFBC}") = "epam 1.2", "epam 1.2\epam 1.2.csproj", "{ACAB27C8-3432-42EA-994F-8DD649C20E9C}"
EndProject
Global
	GlobalSection(SolutionConfigurationPlatforms) = preSolution
		Debug|Any CPU = Debug|Any CPU
		Release|Any CPU = Release|Any CPU
	EndGlobalSection
	GlobalSection(ProjectConfigurationPlatforms) = postSolution
		{ACAB27C8-3432-42EA-994F-8DD649C20E9C}.Debug|Any CPU.ActiveCfg = Debug|Any CPU
		{ACAB27C8-3432-42EA-994F-8DD649C20E9C}.Debug|Any CPU.Build.0 = Debug|Any CPU
		{ACAB27C8-3432-42EA-994F-8DD649C20E9C}.Release|Any CPU.ActiveCfg = Release|Any CPU
		{ACAB27C8-3432-42EA-994F-8DD649C20E9C}.Release|Any CPU.Build.0 = Release|Any CPU
	EndGlobalSection
	GlobalSection(SolutionProperties) = preSolution
		HideSolutionNode = FALSE
	EndGlobalSection
	GlobalSection(ExtensibilityGlobals) = postSolution
		SolutionGuid = {44C67C2D-3E06-49E2-9944-DE44E851FDB9}
	EndGlobalSection
EndGlobal
